// !$*UTF8*$!
{
	archiveVersion = 1;
	classes = {
	};
	objectVersion = 46;
	objects = {

/* Begin PBXBuildFile section */
		A921383D1ED566E00085D64F /* DetailCustomerInfoViewController.swift in Sources */ = {isa = PBXBuildFile; fileRef = A921383C1ED566E00085D64F /* DetailCustomerInfoViewController.swift */; };
		A9752AF51ED3C1F3003D2AB2 /* AppDelegate.swift in Sources */ = {isa = PBXBuildFile; fileRef = A9752AF41ED3C1F3003D2AB2 /* AppDelegate.swift */; };
		A9752AFA1ED3C1F3003D2AB2 /* Main.storyboard in Resources */ = {isa = PBXBuildFile; fileRef = A9752AF81ED3C1F3003D2AB2 /* Main.storyboard */; };
		A9752AFC1ED3C1F3003D2AB2 /* Assets.xcassets in Resources */ = {isa = PBXBuildFile; fileRef = A9752AFB1ED3C1F3003D2AB2 /* Assets.xcassets */; };
		A9752AFF1ED3C1F3003D2AB2 /* LaunchScreen.storyboard in Resources */ = {isa = PBXBuildFile; fileRef = A9752AFD1ED3C1F3003D2AB2 /* LaunchScreen.storyboard */; };
		A9752B0A1ED3C1F3003D2AB2 /* ProgramCreatorTests.swift in Sources */ = {isa = PBXBuildFile; fileRef = A9752B091ED3C1F3003D2AB2 /* ProgramCreatorTests.swift */; };
		A9752B151ED3C4BE003D2AB2 /* CustomerInfoTableViewController.swift in Sources */ = {isa = PBXBuildFile; fileRef = A9752B141ED3C4BE003D2AB2 /* CustomerInfoTableViewController.swift */; };
		A9752B171ED3CC51003D2AB2 /* MainData.swift in Sources */ = {isa = PBXBuildFile; fileRef = A9752B161ED3CC51003D2AB2 /* MainData.swift */; };
		A9752B191ED42951003D2AB2 /* MachineInfoTableViewController.swift in Sources */ = {isa = PBXBuildFile; fileRef = A9752B181ED42951003D2AB2 /* MachineInfoTableViewController.swift */; };
		A9752B1B1ED42966003D2AB2 /* DetailMachineInfoTableViewController.swift in Sources */ = {isa = PBXBuildFile; fileRef = A9752B1A1ED42966003D2AB2 /* DetailMachineInfoTableViewController.swift */; };
		A9752B1D1ED43A0E003D2AB2 /* MainData.json in Resources */ = {isa = PBXBuildFile; fileRef = A9752B1C1ED43A0E003D2AB2 /* MainData.json */; };
		A9FA50441ED6687A00FE5220 /* SubmitViewController.swift in Sources */ = {isa = PBXBuildFile; fileRef = A9FA50431ED6687A00FE5220 /* SubmitViewController.swift */; };
		A9FA50461ED6AF6E00FE5220 /* MainData.plist in Resources */ = {isa = PBXBuildFile; fileRef = A9FA50451ED6AF6E00FE5220 /* MainData.plist */; };
/* End PBXBuildFile section */

/* Begin PBXContainerItemProxy section */
		A9752B061ED3C1F3003D2AB2 /* PBXContainerItemProxy */ = {
			isa = PBXContainerItemProxy;
			containerPortal = A9752AE91ED3C1F3003D2AB2 /* Project object */;
			proxyType = 1;
			remoteGlobalIDString = A9752AF01ED3C1F3003D2AB2;
			remoteInfo = ProgramCreator;
		};
/* End PBXContainerItemProxy section */

/* Begin PBXFileReference section */
		A921383C1ED566E00085D64F /* DetailCustomerInfoViewController.swift */ = {isa = PBXFileReference; fileEncoding = 4; lastKnownFileType = sourcecode.swift; path = DetailCustomerInfoViewController.swift; sourceTree = "<group>"; };
		A9752AF11ED3C1F3003D2AB2 /* ProgramCreator.app */ = {isa = PBXFileReference; explicitFileType = wrapper.application; includeInIndex = 0; path = ProgramCreator.app; sourceTree = BUILT_PRODUCTS_DIR; };
		A9752AF41ED3C1F3003D2AB2 /* AppDelegate.swift */ = {isa = PBXFileReference; lastKnownFileType = sourcecode.swift; path = AppDelegate.swift; sourceTree = "<group>"; };
		A9752AF91ED3C1F3003D2AB2 /* Base */ = {isa = PBXFileReference; lastKnownFileType = file.storyboard; name = Base; path = Base.lproj/Main.storyboard; sourceTree = "<group>"; };
		A9752AFB1ED3C1F3003D2AB2 /* Assets.xcassets */ = {isa = PBXFileReference; lastKnownFileType = folder.assetcatalog; path = Assets.xcassets; sourceTree = "<group>"; };
		A9752AFE1ED3C1F3003D2AB2 /* Base */ = {isa = PBXFileReference; lastKnownFileType = file.storyboard; name = Base; path = Base.lproj/LaunchScreen.storyboard; sourceTree = "<group>"; };
		A9752B001ED3C1F3003D2AB2 /* Info.plist */ = {isa = PBXFileReference; lastKnownFileType = text.plist.xml; path = Info.plist; sourceTree = "<group>"; };
		A9752B051ED3C1F3003D2AB2 /* ProgramCreatorTests.xctest */ = {isa = PBXFileReference; explicitFileType = wrapper.cfbundle; includeInIndex = 0; path = ProgramCreatorTests.xctest; sourceTree = BUILT_PRODUCTS_DIR; };
		A9752B091ED3C1F3003D2AB2 /* ProgramCreatorTests.swift */ = {isa = PBXFileReference; lastKnownFileType = sourcecode.swift; path = ProgramCreatorTests.swift; sourceTree = "<group>"; };
		A9752B0B1ED3C1F3003D2AB2 /* Info.plist */ = {isa = PBXFileReference; lastKnownFileType = text.plist.xml; path = Info.plist; sourceTree = "<group>"; };
		A9752B141ED3C4BE003D2AB2 /* CustomerInfoTableViewController.swift */ = {isa = PBXFileReference; fileEncoding = 4; lastKnownFileType = sourcecode.swift; name = CustomerInfoTableViewController.swift; path = ../CustomerInfoTableViewController.swift; sourceTree = "<group>"; };
		A9752B161ED3CC51003D2AB2 /* MainData.swift */ = {isa = PBXFileReference; fileEncoding = 4; lastKnownFileType = sourcecode.swift; path = MainData.swift; sourceTree = "<group>"; };
		A9752B181ED42951003D2AB2 /* MachineInfoTableViewController.swift */ = {isa = PBXFileReference; fileEncoding = 4; lastKnownFileType = sourcecode.swift; path = MachineInfoTableViewController.swift; sourceTree = "<group>"; };
		A9752B1A1ED42966003D2AB2 /* DetailMachineInfoTableViewController.swift */ = {isa = PBXFileReference; fileEncoding = 4; lastKnownFileType = sourcecode.swift; path = DetailMachineInfoTableViewController.swift; sourceTree = "<group>"; };
		A9752B1C1ED43A0E003D2AB2 /* MainData.json */ = {isa = PBXFileReference; fileEncoding = 4; lastKnownFileType = text.json; path = MainData.json; sourceTree = "<group>"; };
		A9FA50431ED6687A00FE5220 /* SubmitViewController.swift */ = {isa = PBXFileReference; fileEncoding = 4; lastKnownFileType = sourcecode.swift; path = SubmitViewController.swift; sourceTree = "<group>"; };
		A9FA50451ED6AF6E00FE5220 /* MainData.plist */ = {isa = PBXFileReference; fileEncoding = 4; lastKnownFileType = text.plist.xml; path = MainData.plist; sourceTree = "<group>"; };
/* End PBXFileReference section */

/* Begin PBXFrameworksBuildPhase section */
		A9752AEE1ED3C1F3003D2AB2 /* Frameworks */ = {
			isa = PBXFrameworksBuildPhase;
			buildActionMask = 2147483647;
			files = (
			);
			runOnlyForDeploymentPostprocessing = 0;
		};
		A9752B021ED3C1F3003D2AB2 /* Frameworks */ = {
			isa = PBXFrameworksBuildPhase;
			buildActionMask = 2147483647;
			files = (
			);
			runOnlyForDeploymentPostprocessing = 0;
		};
/* End PBXFrameworksBuildPhase section */

/* Begin PBXGroup section */
		A9752AE81ED3C1F3003D2AB2 = {
			isa = PBXGroup;
			children = (
				A9752AF31ED3C1F3003D2AB2 /* ProgramCreator */,
				A9752B081ED3C1F3003D2AB2 /* ProgramCreatorTests */,
				A9752AF21ED3C1F3003D2AB2 /* Products */,
			);
			sourceTree = "<group>";
		};
		A9752AF21ED3C1F3003D2AB2 /* Products */ = {
			isa = PBXGroup;
			children = (
				A9752AF11ED3C1F3003D2AB2 /* ProgramCreator.app */,
				A9752B051ED3C1F3003D2AB2 /* ProgramCreatorTests.xctest */,
			);
			name = Products;
			sourceTree = "<group>";
		};
		A9752AF31ED3C1F3003D2AB2 /* ProgramCreator */ = {
			isa = PBXGroup;
			children = (
				A9752AF41ED3C1F3003D2AB2 /* AppDelegate.swift */,
				A9752B141ED3C4BE003D2AB2 /* CustomerInfoTableViewController.swift */,
				A921383C1ED566E00085D64F /* DetailCustomerInfoViewController.swift */,
				A9752B181ED42951003D2AB2 /* MachineInfoTableViewController.swift */,
				A9752B1A1ED42966003D2AB2 /* DetailMachineInfoTableViewController.swift */,
				A9FA50431ED6687A00FE5220 /* SubmitViewController.swift */,
				A9752B161ED3CC51003D2AB2 /* MainData.swift */,
				A9752AFD1ED3C1F3003D2AB2 /* LaunchScreen.storyboard */,
				A9752AF81ED3C1F3003D2AB2 /* Main.storyboard */,
				A9FA50451ED6AF6E00FE5220 /* MainData.plist */,
				A9752B1C1ED43A0E003D2AB2 /* MainData.json */,
				A9752B001ED3C1F3003D2AB2 /* Info.plist */,
				A9752AFB1ED3C1F3003D2AB2 /* Assets.xcassets */,
			);
			path = ProgramCreator;
			sourceTree = "<group>";
		};
		A9752B081ED3C1F3003D2AB2 /* ProgramCreatorTests */ = {
			isa = PBXGroup;
			children = (
				A9752B091ED3C1F3003D2AB2 /* ProgramCreatorTests.swift */,
				A9752B0B1ED3C1F3003D2AB2 /* Info.plist */,
			);
			path = ProgramCreatorTests;
			sourceTree = "<group>";
		};
/* End PBXGroup section */

/* Begin PBXNativeTarget section */
		A9752AF01ED3C1F3003D2AB2 /* ProgramCreator */ = {
			isa = PBXNativeTarget;
			buildConfigurationList = A9752B0E1ED3C1F3003D2AB2 /* Build configuration list for PBXNativeTarget "ProgramCreator" */;
			buildPhases = (
				A9752AED1ED3C1F3003D2AB2 /* Sources */,
				A9752AEE1ED3C1F3003D2AB2 /* Frameworks */,
				A9752AEF1ED3C1F3003D2AB2 /* Resources */,
			);
			buildRules = (
			);
			dependencies = (
			);
			name = ProgramCreator;
			productName = ProgramCreator;
			productReference = A9752AF11ED3C1F3003D2AB2 /* ProgramCreator.app */;
			productType = "com.apple.product-type.application";
		};
		A9752B041ED3C1F3003D2AB2 /* ProgramCreatorTests */ = {
			isa = PBXNativeTarget;
			buildConfigurationList = A9752B111ED3C1F3003D2AB2 /* Build configuration list for PBXNativeTarget "ProgramCreatorTests" */;
			buildPhases = (
				A9752B011ED3C1F3003D2AB2 /* Sources */,
				A9752B021ED3C1F3003D2AB2 /* Frameworks */,
				A9752B031ED3C1F3003D2AB2 /* Resources */,
			);
			buildRules = (
			);
			dependencies = (
				A9752B071ED3C1F3003D2AB2 /* PBXTargetDependency */,
			);
			name = ProgramCreatorTests;
			productName = ProgramCreatorTests;
			productReference = A9752B051ED3C1F3003D2AB2 /* ProgramCreatorTests.xctest */;
			productType = "com.apple.product-type.bundle.unit-test";
		};
/* End PBXNativeTarget section */

/* Begin PBXProject section */
		A9752AE91ED3C1F3003D2AB2 /* Project object */ = {
			isa = PBXProject;
			attributes = {
				LastSwiftUpdateCheck = 0830;
				LastUpgradeCheck = 0830;
				ORGANIZATIONNAME = "Marco Nie";
				TargetAttributes = {
					A9752AF01ED3C1F3003D2AB2 = {
						CreatedOnToolsVersion = 8.3.2;
						DevelopmentTeam = 4R654B6GSN;
						ProvisioningStyle = Automatic;
					};
					A9752B041ED3C1F3003D2AB2 = {
						CreatedOnToolsVersion = 8.3.2;
						DevelopmentTeam = 4R654B6GSN;
						ProvisioningStyle = Automatic;
						TestTargetID = A9752AF01ED3C1F3003D2AB2;
					};
				};
			};
			buildConfigurationList = A9752AEC1ED3C1F3003D2AB2 /* Build configuration list for PBXProject "ProgramCreator" */;
			compatibilityVersion = "Xcode 3.2";
			developmentRegion = English;
			hasScannedForEncodings = 0;
			knownRegions = (
				en,
				Base,
			);
			mainGroup = A9752AE81ED3C1F3003D2AB2;
			productRefGroup = A9752AF21ED3C1F3003D2AB2 /* Products */;
			projectDirPath = "";
			projectRoot = "";
			targets = (
				A9752AF01ED3C1F3003D2AB2 /* ProgramCreator */,
				A9752B041ED3C1F3003D2AB2 /* ProgramCreatorTests */,
			);
		};
/* End PBXProject section */

/* Begin PBXResourcesBuildPhase section */
		A9752AEF1ED3C1F3003D2AB2 /* Resources */ = {
			isa = PBXResourcesBuildPhase;
			buildActionMask = 2147483647;
			files = (
				A9FA50461ED6AF6E00FE5220 /* MainData.plist in Resources */,
				A9752B1D1ED43A0E003D2AB2 /* MainData.json in Resources */,
				A9752AFF1ED3C1F3003D2AB2 /* LaunchScreen.storyboard in Resources */,
				A9752AFC1ED3C1F3003D2AB2 /* Assets.xcassets in Resources */,
				A9752AFA1ED3C1F3003D2AB2 /* Main.storyboard in Resources */,
			);
			runOnlyForDeploymentPostprocessing = 0;
		};
		A9752B031ED3C1F3003D2AB2 /* Resources */ = {
			isa = PBXResourcesBuildPhase;
			buildActionMask = 2147483647;
			files = (
			);
			runOnlyForDeploymentPostprocessing = 0;
		};
/* End PBXResourcesBuildPhase section */

/* Begin PBXSourcesBuildPhase section */
		A9752AED1ED3C1F3003D2AB2 /* Sources */ = {
			isa = PBXSourcesBuildPhase;
			buildActionMask = 2147483647;
			files = (
				A9FA50441ED6687A00FE5220 /* SubmitViewController.swift in Sources */,
				A9752B171ED3CC51003D2AB2 /* MainData.swift in Sources */,
				A9752B1B1ED42966003D2AB2 /* DetailMachineInfoTableViewController.swift in Sources */,
				A9752AF51ED3C1F3003D2AB2 /* AppDelegate.swift in Sources */,
				A921383D1ED566E00085D64F /* DetailCustomerInfoViewController.swift in Sources */,
				A9752B151ED3C4BE003D2AB2 /* CustomerInfoTableViewController.swift in Sources */,
				A9752B191ED42951003D2AB2 /* MachineInfoTableViewController.swift in Sources */,
			);
			runOnlyForDeploymentPostprocessing = 0;
		};
		A9752B011ED3C1F3003D2AB2 /* Sources */ = {
			isa = PBXSourcesBuildPhase;
			buildActionMask = 2147483647;
			files = (
				A9752B0A1ED3C1F3003D2AB2 /* ProgramCreatorTests.swift in Sources */,
			);
			runOnlyForDeploymentPostprocessing = 0;
		};
/* End PBXSourcesBuildPhase section */

/* Begin PBXTargetDependency section */
		A9752B071ED3C1F3003D2AB2 /* PBXTargetDependency */ = {
			isa = PBXTargetDependency;
			target = A9752AF01ED3C1F3003D2AB2 /* ProgramCreator */;
			targetProxy = A9752B061ED3C1F3003D2AB2 /* PBXContainerItemProxy */;
		};
/* End PBXTargetDependency section */

/* Begin PBXVariantGroup section */
		A9752AF81ED3C1F3003D2AB2 /* Main.storyboard */ = {
			isa = PBXVariantGroup;
			children = (
				A9752AF91ED3C1F3003D2AB2 /* Base */,
			);
			name = Main.storyboard;
			sourceTree = "<group>";
		};
		A9752AFD1ED3C1F3003D2AB2 /* LaunchScreen.storyboard */ = {
			isa = PBXVariantGroup;
			children = (
				A9752AFE1ED3C1F3003D2AB2 /* Base */,
			);
			name = LaunchScreen.storyboard;
			sourceTree = "<group>";
		};
/* End PBXVariantGroup section */

/* Begin XCBuildConfiguration section */
		A9752B0C1ED3C1F3003D2AB2 /* Debug */ = {
			isa = XCBuildConfiguration;
			buildSettings = {
				ALWAYS_SEARCH_USER_PATHS = NO;
				CLANG_ANALYZER_NONNULL = YES;
				CLANG_ANALYZER_NUMBER_OBJECT_CONVERSION = YES_AGGRESSIVE;
				CLANG_CXX_LANGUAGE_STANDARD = "gnu++0x";
				CLANG_CXX_LIBRARY = "libc++";
				CLANG_ENABLE_MODULES = YES;
				CLANG_ENABLE_OBJC_ARC = YES;
				CLANG_WARN_BOOL_CONVERSION = YES;
				CLANG_WARN_CONSTANT_CONVERSION = YES;
				CLANG_WARN_DIRECT_OBJC_ISA_USAGE = YES_ERROR;
				CLANG_WARN_DOCUMENTATION_COMMENTS = YES;
				CLANG_WARN_EMPTY_BODY = YES;
				CLANG_WARN_ENUM_CONVERSION = YES;
				CLANG_WARN_INFINITE_RECURSION = YES;
				CLANG_WARN_INT_CONVERSION = YES;
				CLANG_WARN_OBJC_ROOT_CLASS = YES_ERROR;
				CLANG_WARN_SUSPICIOUS_MOVE = YES;
				CLANG_WARN_UNREACHABLE_CODE = YES;
				CLANG_WARN__DUPLICATE_METHOD_MATCH = YES;
				"CODE_SIGN_IDENTITY[sdk=iphoneos*]" = "iPhone Developer";
				COPY_PHASE_STRIP = NO;
				DEBUG_INFORMATION_FORMAT = dwarf;
				ENABLE_STRICT_OBJC_MSGSEND = YES;
				ENABLE_TESTABILITY = YES;
				GCC_C_LANGUAGE_STANDARD = gnu99;
				GCC_DYNAMIC_NO_PIC = NO;
				GCC_NO_COMMON_BLOCKS = YES;
				GCC_OPTIMIZATION_LEVEL = 0;
				GCC_PREPROCESSOR_DEFINITIONS = (
					"DEBUG=1",
					"$(inherited)",
				);
				GCC_WARN_64_TO_32_BIT_CONVERSION = YES;
				GCC_WARN_ABOUT_RETURN_TYPE = YES_ERROR;
				GCC_WARN_UNDECLARED_SELECTOR = YES;
				GCC_WARN_UNINITIALIZED_AUTOS = YES_AGGRESSIVE;
				GCC_WARN_UNUSED_FUNCTION = YES;
				GCC_WARN_UNUSED_VARIABLE = YES;
				IPHONEOS_DEPLOYMENT_TARGET = 10.3;
				MTL_ENABLE_DEBUG_INFO = YES;
				ONLY_ACTIVE_ARCH = YES;
				SDKROOT = iphoneos;
				SWIFT_ACTIVE_COMPILATION_CONDITIONS = DEBUG;
				SWIFT_OPTIMIZATION_LEVEL = "-Onone";
				TARGETED_DEVICE_FAMILY = "1,2";
			};
			name = Debug;
		};
		A9752B0D1ED3C1F3003D2AB2 /* Release */ = {
			isa = XCBuildConfiguration;
			buildSettings = {
				ALWAYS_SEARCH_USER_PATHS = NO;
				CLANG_ANALYZER_NONNULL = YES;
				CLANG_ANALYZER_NUMBER_OBJECT_CONVERSION = YES_AGGRESSIVE;
				CLANG_CXX_LANGUAGE_STANDARD = "gnu++0x";
				CLANG_CXX_LIBRARY = "libc++";
				CLANG_ENABLE_MODULES = YES;
				CLANG_ENABLE_OBJC_ARC = YES;
				CLANG_WARN_BOOL_CONVERSION = YES;
				CLANG_WARN_CONSTANT_CONVERSION = YES;
				CLANG_WARN_DIRECT_OBJC_ISA_USAGE = YES_ERROR;
				CLANG_WARN_DOCUMENTATION_COMMENTS = YES;
				CLANG_WARN_EMPTY_BODY = YES;
				CLANG_WARN_ENUM_CONVERSION = YES;
				CLANG_WARN_INFINITE_RECURSION = YES;
				CLANG_WARN_INT_CONVERSION = YES;
				CLANG_WARN_OBJC_ROOT_CLASS = YES_ERROR;
				CLANG_WARN_SUSPICIOUS_MOVE = YES;
				CLANG_WARN_UNREACHABLE_CODE = YES;
				CLANG_WARN__DUPLICATE_METHOD_MATCH = YES;
				"CODE_SIGN_IDENTITY[sdk=iphoneos*]" = "iPhone Developer";
				COPY_PHASE_STRIP = NO;
				DEBUG_INFORMATION_FORMAT = "dwarf-with-dsym";
				ENABLE_NS_ASSERTIONS = NO;
				ENABLE_STRICT_OBJC_MSGSEND = YES;
				GCC_C_LANGUAGE_STANDARD = gnu99;
				GCC_NO_COMMON_BLOCKS = YES;
				GCC_WARN_64_TO_32_BIT_CONVERSION = YES;
				GCC_WARN_ABOUT_RETURN_TYPE = YES_ERROR;
				GCC_WARN_UNDECLARED_SELECTOR = YES;
				GCC_WARN_UNINITIALIZED_AUTOS = YES_AGGRESSIVE;
				GCC_WARN_UNUSED_FUNCTION = YES;
				GCC_WARN_UNUSED_VARIABLE = YES;
				IPHONEOS_DEPLOYMENT_TARGET = 10.3;
				MTL_ENABLE_DEBUG_INFO = NO;
				SDKROOT = iphoneos;
				SWIFT_OPTIMIZATION_LEVEL = "-Owholemodule";
				TARGETED_DEVICE_FAMILY = "1,2";
				VALIDATE_PRODUCT = YES;
			};
			name = Release;
		};
		A9752B0F1ED3C1F3003D2AB2 /* Debug */ = {
			isa = XCBuildConfiguration;
			buildSettings = {
				ASSETCATALOG_COMPILER_APPICON_NAME = AppIcon;
				DEVELOPMENT_TEAM = 4R654B6GSN;
				INFOPLIST_FILE = ProgramCreator/Info.plist;
				LD_RUNPATH_SEARCH_PATHS = "$(inherited) @executable_path/Frameworks";
				PRODUCT_BUNDLE_IDENTIFIER = com.nie11kun.ProgramCreator;
				PRODUCT_NAME = "$(TARGET_NAME)";
				SWIFT_VERSION = 3.0;
			};
			name = Debug;
		};
		A9752B101ED3C1F3003D2AB2 /* Release */ = {
			isa = XCBuildConfiguration;
			buildSettings = {
				ASSETCATALOG_COMPILER_APPICON_NAME = AppIcon;
				DEVELOPMENT_TEAM = 4R654B6GSN;
				INFOPLIST_FILE = ProgramCreator/Info.plist;
				LD_RUNPATH_SEARCH_PATHS = "$(inherited) @executable_path/Frameworks";
				PRODUCT_BUNDLE_IDENTIFIER = com.nie11kun.ProgramCreator;
				PRODUCT_NAME = "$(TARGET_NAME)";
				SWIFT_VERSION = 3.0;
			};
			name = Release;
		};
		A9752B121ED3C1F3003D2AB2 /* Debug */ = {
			isa = XCBuildConfiguration;
			buildSettings = {
				ALWAYS_EMBED_SWIFT_STANDARD_LIBRARIES = YES;
				BUNDLE_LOADER = "$(TEST_HOST)";
				DEVELOPMENT_TEAM = 4R654B6GSN;
				INFOPLIST_FILE = ProgramCreatorTests/Info.plist;
				LD_RUNPATH_SEARCH_PATHS = "$(inherited) @executable_path/Frameworks @loader_path/Frameworks";
				PRODUCT_BUNDLE_IDENTIFIER = com.nie11kun.ProgramCreatorTests;
				PRODUCT_NAME = "$(TARGET_NAME)";
				SWIFT_VERSION = 3.0;
				TEST_HOST = "$(BUILT_PRODUCTS_DIR)/ProgramCreator.app/ProgramCreator";
			};
			name = Debug;
		};
		A9752B131ED3C1F3003D2AB2 /* Release */ = {
			isa = XCBuildConfiguration;
			buildSettings = {
				ALWAYS_EMBED_SWIFT_STANDARD_LIBRARIES = YES;
				BUNDLE_LOADER = "$(TEST_HOST)";
				DEVELOPMENT_TEAM = 4R654B6GSN;
				INFOPLIST_FILE = ProgramCreatorTests/Info.plist;
				LD_RUNPATH_SEARCH_PATHS = "$(inherited) @executable_path/Frameworks @loader_path/Frameworks";
				PRODUCT_BUNDLE_IDENTIFIER = com.nie11kun.ProgramCreatorTests;
				PRODUCT_NAME = "$(TARGET_NAME)";
				SWIFT_VERSION = 3.0;
				TEST_HOST = "$(BUILT_PRODUCTS_DIR)/ProgramCreator.app/ProgramCreator";
			};
			name = Release;
		};
/* End XCBuildConfiguration section */

/* Begin XCConfigurationList section */
		A9752AEC1ED3C1F3003D2AB2 /* Build configuration list for PBXProject "ProgramCreator" */ = {
			isa = XCConfigurationList;
			buildConfigurations = (
				A9752B0C1ED3C1F3003D2AB2 /* Debug */,
				A9752B0D1ED3C1F3003D2AB2 /* Release */,
			);
			defaultConfigurationIsVisible = 0;
			defaultConfigurationName = Release;
		};
		A9752B0E1ED3C1F3003D2AB2 /* Build configuration list for PBXNativeTarget "ProgramCreator" */ = {
			isa = XCConfigurationList;
			buildConfigurations = (
				A9752B0F1ED3C1F3003D2AB2 /* Debug */,
				A9752B101ED3C1F3003D2AB2 /* Release */,
			);
			defaultConfigurationIsVisible = 0;
			defaultConfigurationName = Release;
		};
		A9752B111ED3C1F3003D2AB2 /* Build configuration list for PBXNativeTarget "ProgramCreatorTests" */ = {
			isa = XCConfigurationList;
			buildConfigurations = (
				A9752B121ED3C1F3003D2AB2 /* Debug */,
				A9752B131ED3C1F3003D2AB2 /* Release */,
			);
			defaultConfigurationIsVisible = 0;
			defaultConfigurationName = Release;
		};
/* End XCConfigurationList section */
	};
	rootObject = A9752AE91ED3C1F3003D2AB2 /* Project object */;
}
